// !$*UTF8*$!
{
	archiveVersion = 1;
	classes = {
	};
	objectVersion = 48;
	objects = {

/* Begin PBXBuildFile section */
		3ACE17A4C235805738BED4D6 /* Pods_RealmCRUD.framework in Frameworks */ = {isa = PBXBuildFile; fileRef = 5DCBB330AFA6376BCB9365DF /* Pods_RealmCRUD.framework */; };
		9DDB4C381F9DD0D800A81D22 /* AppDelegate.swift in Sources */ = {isa = PBXBuildFile; fileRef = 9DDB4C371F9DD0D800A81D22 /* AppDelegate.swift */; };
		9DDB4C3A1F9DD0D800A81D22 /* ViewController.swift in Sources */ = {isa = PBXBuildFile; fileRef = 9DDB4C391F9DD0D800A81D22 /* ViewController.swift */; };
		9DDB4C3D1F9DD0D800A81D22 /* Main.storyboard in Resources */ = {isa = PBXBuildFile; fileRef = 9DDB4C3B1F9DD0D800A81D22 /* Main.storyboard */; };
		9DDB4C3F1F9DD0D800A81D22 /* Assets.xcassets in Resources */ = {isa = PBXBuildFile; fileRef = 9DDB4C3E1F9DD0D800A81D22 /* Assets.xcassets */; };
		9DDB4C421F9DD0D800A81D22 /* LaunchScreen.storyboard in Resources */ = {isa = PBXBuildFile; fileRef = 9DDB4C401F9DD0D800A81D22 /* LaunchScreen.storyboard */; };
		9DDB4C4A1F9DD36C00A81D22 /* PickUpLineCell.swift in Sources */ = {isa = PBXBuildFile; fileRef = 9DDB4C491F9DD36C00A81D22 /* PickUpLineCell.swift */; };
		9DDB4C4C1F9DD4BE00A81D22 /* AlertService.swift in Sources */ = {isa = PBXBuildFile; fileRef = 9DDB4C4B1F9DD4BE00A81D22 /* AlertService.swift */; };
		9DDB4C4E1F9DDA6B00A81D22 /* PickUpLine.swift in Sources */ = {isa = PBXBuildFile; fileRef = 9DDB4C4D1F9DDA6B00A81D22 /* PickUpLine.swift */; };
		9DDB4C501F9DEE7A00A81D22 /* RealmService.swift in Sources */ = {isa = PBXBuildFile; fileRef = 9DDB4C4F1F9DEE7A00A81D22 /* RealmService.swift */; };
/* End PBXBuildFile section */

/* Begin PBXFileReference section */
		5DCBB330AFA6376BCB9365DF /* Pods_RealmCRUD.framework */ = {isa = PBXFileReference; explicitFileType = wrapper.framework; includeInIndex = 0; path = Pods_RealmCRUD.framework; sourceTree = BUILT_PRODUCTS_DIR; };
		878D61B4024BFFD779628B1B /* Pods-RealmCRUD.release.xcconfig */ = {isa = PBXFileReference; includeInIndex = 1; lastKnownFileType = text.xcconfig; name = "Pods-RealmCRUD.release.xcconfig"; path = "Pods/Target Support Files/Pods-RealmCRUD/Pods-RealmCRUD.release.xcconfig"; sourceTree = "<group>"; };
		960E240C88B3CB24B8500DE4 /* Pods-RealmCRUD.debug.xcconfig */ = {isa = PBXFileReference; includeInIndex = 1; lastKnownFileType = text.xcconfig; name = "Pods-RealmCRUD.debug.xcconfig"; path = "Pods/Target Support Files/Pods-RealmCRUD/Pods-RealmCRUD.debug.xcconfig"; sourceTree = "<group>"; };
		9DDB4C341F9DD0D800A81D22 /* RealmCRUD.app */ = {isa = PBXFileReference; explicitFileType = wrapper.application; includeInIndex = 0; path = RealmCRUD.app; sourceTree = BUILT_PRODUCTS_DIR; };
		9DDB4C371F9DD0D800A81D22 /* AppDelegate.swift */ = {isa = PBXFileReference; lastKnownFileType = sourcecode.swift; path = AppDelegate.swift; sourceTree = "<group>"; };
		9DDB4C391F9DD0D800A81D22 /* ViewController.swift */ = {isa = PBXFileReference; lastKnownFileType = sourcecode.swift; path = ViewController.swift; sourceTree = "<group>"; };
		9DDB4C3C1F9DD0D800A81D22 /* Base */ = {isa = PBXFileReference; lastKnownFileType = file.storyboard; name = Base; path = Base.lproj/Main.storyboard; sourceTree = "<group>"; };
		9DDB4C3E1F9DD0D800A81D22 /* Assets.xcassets */ = {isa = PBXFileReference; lastKnownFileType = folder.assetcatalog; path = Assets.xcassets; sourceTree = "<group>"; };
		9DDB4C411F9DD0D800A81D22 /* Base */ = {isa = PBXFileReference; lastKnownFileType = file.storyboard; name = Base; path = Base.lproj/LaunchScreen.storyboard; sourceTree = "<group>"; };
		9DDB4C431F9DD0D800A81D22 /* Info.plist */ = {isa = PBXFileReference; lastKnownFileType = text.plist.xml; path = Info.plist; sourceTree = "<group>"; };
		9DDB4C491F9DD36C00A81D22 /* PickUpLineCell.swift */ = {isa = PBXFileReference; lastKnownFileType = sourcecode.swift; path = PickUpLineCell.swift; sourceTree = "<group>"; };
		9DDB4C4B1F9DD4BE00A81D22 /* AlertService.swift */ = {isa = PBXFileReference; lastKnownFileType = sourcecode.swift; path = AlertService.swift; sourceTree = "<group>"; };
		9DDB4C4D1F9DDA6B00A81D22 /* PickUpLine.swift */ = {isa = PBXFileReference; lastKnownFileType = sourcecode.swift; path = PickUpLine.swift; sourceTree = "<group>"; };
		9DDB4C4F1F9DEE7A00A81D22 /* RealmService.swift */ = {isa = PBXFileReference; lastKnownFileType = sourcecode.swift; path = RealmService.swift; sourceTree = "<group>"; };
/* End PBXFileReference section */

/* Begin PBXFrameworksBuildPhase section */
		9DDB4C311F9DD0D800A81D22 /* Frameworks */ = {
			isa = PBXFrameworksBuildPhase;
			buildActionMask = 2147483647;
			files = (
				3ACE17A4C235805738BED4D6 /* Pods_RealmCRUD.framework in Frameworks */,
			);
			runOnlyForDeploymentPostprocessing = 0;
		};
/* End PBXFrameworksBuildPhase section */

/* Begin PBXGroup section */
		9DDB4C2B1F9DD0D800A81D22 = {
			isa = PBXGroup;
			children = (
				9DDB4C361F9DD0D800A81D22 /* RealmCRUD */,
				9DDB4C351F9DD0D800A81D22 /* Products */,
				AB93563878D963245CCC93E5 /* Pods */,
				B60D795FAB8126AFD6B3D8CC /* Frameworks */,
			);
			sourceTree = "<group>";
		};
		9DDB4C351F9DD0D800A81D22 /* Products */ = {
			isa = PBXGroup;
			children = (
				9DDB4C341F9DD0D800A81D22 /* RealmCRUD.app */,
			);
			name = Products;
			sourceTree = "<group>";
		};
		9DDB4C361F9DD0D800A81D22 /* RealmCRUD */ = {
			isa = PBXGroup;
			children = (
				9DDB4C371F9DD0D800A81D22 /* AppDelegate.swift */,
				9DDB4C391F9DD0D800A81D22 /* ViewController.swift */,
				9DDB4C3B1F9DD0D800A81D22 /* Main.storyboard */,
				9DDB4C3E1F9DD0D800A81D22 /* Assets.xcassets */,
				9DDB4C401F9DD0D800A81D22 /* LaunchScreen.storyboard */,
				9DDB4C431F9DD0D800A81D22 /* Info.plist */,
				9DDB4C491F9DD36C00A81D22 /* PickUpLineCell.swift */,
				9DDB4C4B1F9DD4BE00A81D22 /* AlertService.swift */,
				9DDB4C4D1F9DDA6B00A81D22 /* PickUpLine.swift */,
				9DDB4C4F1F9DEE7A00A81D22 /* RealmService.swift */,
			);
			path = RealmCRUD;
			sourceTree = "<group>";
		};
		AB93563878D963245CCC93E5 /* Pods */ = {
			isa = PBXGroup;
			children = (
				960E240C88B3CB24B8500DE4 /* Pods-RealmCRUD.debug.xcconfig */,
				878D61B4024BFFD779628B1B /* Pods-RealmCRUD.release.xcconfig */,
			);
			name = Pods;
			sourceTree = "<group>";
		};
		B60D795FAB8126AFD6B3D8CC /* Frameworks */ = {
			isa = PBXGroup;
			children = (
				5DCBB330AFA6376BCB9365DF /* Pods_RealmCRUD.framework */,
			);
			name = Frameworks;
			sourceTree = "<group>";
		};
/* End PBXGroup section */

/* Begin PBXNativeTarget section */
		9DDB4C331F9DD0D800A81D22 /* RealmCRUD */ = {
			isa = PBXNativeTarget;
			buildConfigurationList = 9DDB4C461F9DD0D800A81D22 /* Build configuration list for PBXNativeTarget "RealmCRUD" */;
			buildPhases = (
				D1FC4BF759D26A15E873F844 /* [CP] Check Pods Manifest.lock */,
				9DDB4C301F9DD0D800A81D22 /* Sources */,
				9DDB4C311F9DD0D800A81D22 /* Frameworks */,
				9DDB4C321F9DD0D800A81D22 /* Resources */,
				39B8FA4B74FFB0AB11DD1064 /* [CP] Embed Pods Frameworks */,
				9E32D6AEFCBCD683DC48E686 /* [CP] Copy Pods Resources */,
			);
			buildRules = (
			);
			dependencies = (
			);
			name = RealmCRUD;
			productName = RealmCRUD;
			productReference = 9DDB4C341F9DD0D800A81D22 /* RealmCRUD.app */;
			productType = "com.apple.product-type.application";
		};
/* End PBXNativeTarget section */

/* Begin PBXProject section */
		9DDB4C2C1F9DD0D800A81D22 /* Project object */ = {
			isa = PBXProject;
			attributes = {
				LastSwiftUpdateCheck = 0900;
				LastUpgradeCheck = 0900;
				ORGANIZATIONNAME = 123;
				TargetAttributes = {
					9DDB4C331F9DD0D800A81D22 = {
						CreatedOnToolsVersion = 9.0.1;
						ProvisioningStyle = Automatic;
					};
				};
			};
			buildConfigurationList = 9DDB4C2F1F9DD0D800A81D22 /* Build configuration list for PBXProject "RealmCRUD" */;
			compatibilityVersion = "Xcode 8.0";
			developmentRegion = en;
			hasScannedForEncodings = 0;
			knownRegions = (
				en,
				Base,
			);
			mainGroup = 9DDB4C2B1F9DD0D800A81D22;
			productRefGroup = 9DDB4C351F9DD0D800A81D22 /* Products */;
			projectDirPath = "";
			projectRoot = "";
			targets = (
				9DDB4C331F9DD0D800A81D22 /* RealmCRUD */,
			);
		};
/* End PBXProject section */

/* Begin PBXResourcesBuildPhase section */
		9DDB4C321F9DD0D800A81D22 /* Resources */ = {
			isa = PBXResourcesBuildPhase;
			buildActionMask = 2147483647;
			files = (
				9DDB4C421F9DD0D800A81D22 /* LaunchScreen.storyboard in Resources */,
				9DDB4C3F1F9DD0D800A81D22 /* Assets.xcassets in Resources */,
				9DDB4C3D1F9DD0D800A81D22 /* Main.storyboard in Resources */,
			);
			runOnlyForDeploymentPostprocessing = 0;
		};
/* End PBXResourcesBuildPhase section */

/* Begin PBXShellScriptBuildPhase section */
		39B8FA4B74FFB0AB11DD1064 /* [CP] Embed Pods Frameworks */ = {
			isa = PBXShellScriptBuildPhase;
			buildActionMask = 2147483647;
			files = (
			);
			inputPaths = (
			);
			name = "[CP] Embed Pods Frameworks";
			outputPaths = (
			);
			runOnlyForDeploymentPostprocessing = 0;
			shellPath = /bin/sh;
			shellScript = "\"${SRCROOT}/Pods/Target Support Files/Pods-RealmCRUD/Pods-RealmCRUD-frameworks.sh\"\n";
			showEnvVarsInLog = 0;
		};
		9E32D6AEFCBCD683DC48E686 /* [CP] Copy Pods Resources */ = {
			isa = PBXShellScriptBuildPhase;
			buildActionMask = 2147483647;
			files = (
			);
			inputPaths = (
			);
			name = "[CP] Copy Pods Resources";
			outputPaths = (
			);
			runOnlyForDeploymentPostprocessing = 0;
			shellPath = /bin/sh;
			shellScript = "\"${SRCROOT}/Pods/Target Support Files/Pods-RealmCRUD/Pods-RealmCRUD-resources.sh\"\n";
			showEnvVarsInLog = 0;
		};
		D1FC4BF759D26A15E873F844 /* [CP] Check Pods Manifest.lock */ = {
			isa = PBXShellScriptBuildPhase;
			buildActionMask = 2147483647;
			files = (
			);
			inputPaths = (
			);
			name = "[CP] Check Pods Manifest.lock";
			outputPaths = (
			);
			runOnlyForDeploymentPostprocessing = 0;
			shellPath = /bin/sh;
			shellScript = "diff \"${PODS_ROOT}/../Podfile.lock\" \"${PODS_ROOT}/Manifest.lock\" > /dev/null\nif [ $? != 0 ] ; then\n    # print error to STDERR\n    echo \"error: The sandbox is not in sync with the Podfile.lock. Run 'pod install' or update your CocoaPods installation.\" >&2\n    exit 1\nfi\n";
			showEnvVarsInLog = 0;
		};
/* End PBXShellScriptBuildPhase section */

/* Begin PBXSourcesBuildPhase section */
		9DDB4C301F9DD0D800A81D22 /* Sources */ = {
			isa = PBXSourcesBuildPhase;
			buildActionMask = 2147483647;
			files = (
				9DDB4C3A1F9DD0D800A81D22 /* ViewController.swift in Sources */,
				9DDB4C501F9DEE7A00A81D22 /* RealmService.swift in Sources */,
				9DDB4C4A1F9DD36C00A81D22 /* PickUpLineCell.swift in Sources */,
				9DDB4C4E1F9DDA6B00A81D22 /* PickUpLine.swift in Sources */,
				9DDB4C4C1F9DD4BE00A81D22 /* AlertService.swift in Sources */,
				9DDB4C381F9DD0D800A81D22 /* AppDelegate.swift in Sources */,
			);
			runOnlyForDeploymentPostprocessing = 0;
		};
/* End PBXSourcesBuildPhase section */

/* Begin PBXVariantGroup section */
		9DDB4C3B1F9DD0D800A81D22 /* Main.storyboard */ = {
			isa = PBXVariantGroup;
			children = (
				9DDB4C3C1F9DD0D800A81D22 /* Base */,
			);
			name = Main.storyboard;
			sourceTree = "<group>";
		};
		9DDB4C401F9DD0D800A81D22 /* LaunchScreen.storyboard */ = {
			isa = PBXVariantGroup;
			children = (
				9DDB4C411F9DD0D800A81D22 /* Base */,
			);
			name = LaunchScreen.storyboard;
			sourceTree = "<group>";
		};
/* End PBXVariantGroup section */

/* Begin XCBuildConfiguration section */
		9DDB4C441F9DD0D800A81D22 /* Debug */ = {
			isa = XCBuildConfiguration;
			buildSettings = {
				ALWAYS_SEARCH_USER_PATHS = NO;
				CLANG_ANALYZER_NONNULL = YES;
				CLANG_ANALYZER_NUMBER_OBJECT_CONVERSION = YES_AGGRESSIVE;
				CLANG_CXX_LANGUAGE_STANDARD = "gnu++14";
				CLANG_CXX_LIBRARY = "libc++";
				CLANG_ENABLE_MODULES = YES;
				CLANG_ENABLE_OBJC_ARC = YES;
				CLANG_WARN_BLOCK_CAPTURE_AUTORELEASING = YES;
				CLANG_WARN_BOOL_CONVERSION = YES;
				CLANG_WARN_COMMA = YES;
				CLANG_WARN_CONSTANT_CONVERSION = YES;
				CLANG_WARN_DIRECT_OBJC_ISA_USAGE = YES_ERROR;
				CLANG_WARN_DOCUMENTATION_COMMENTS = YES;
				CLANG_WARN_EMPTY_BODY = YES;
				CLANG_WARN_ENUM_CONVERSION = YES;
				CLANG_WARN_INFINITE_RECURSION = YES;
				CLANG_WARN_INT_CONVERSION = YES;
				CLANG_WARN_NON_LITERAL_NULL_CONVERSION = YES;
				CLANG_WARN_OBJC_LITERAL_CONVERSION = YES;
				CLANG_WARN_OBJC_ROOT_CLASS = YES_ERROR;
				CLANG_WARN_RANGE_LOOP_ANALYSIS = YES;
				CLANG_WARN_STRICT_PROTOTYPES = YES;
				CLANG_WARN_SUSPICIOUS_MOVE = YES;
				CLANG_WARN_UNGUARDED_AVAILABILITY = YES_AGGRESSIVE;
				CLANG_WARN_UNREACHABLE_CODE = YES;
				CLANG_WARN__DUPLICATE_METHOD_MATCH = YES;
				CODE_SIGN_IDENTITY = "iPhone Developer";
				COPY_PHASE_STRIP = NO;
				DEBUG_INFORMATION_FORMAT = dwarf;
				ENABLE_STRICT_OBJC_MSGSEND = YES;
				ENABLE_TESTABILITY = YES;
				GCC_C_LANGUAGE_STANDARD = gnu11;
				GCC_DYNAMIC_NO_PIC = NO;
				GCC_NO_COMMON_BLOCKS = YES;
				GCC_OPTIMIZATION_LEVEL = 0;
				GCC_PREPROCESSOR_DEFINITIONS = (
					"DEBUG=1",
					"$(inherited)",
				);
				GCC_WARN_64_TO_32_BIT_CONVERSION = YES;
				GCC_WARN_ABOUT_RETURN_TYPE = YES_ERROR;
				GCC_WARN_UNDECLARED_SELECTOR = YES;
				GCC_WARN_UNINITIALIZED_AUTOS = YES_AGGRESSIVE;
				GCC_WARN_UNUSED_FUNCTION = YES;
				GCC_WARN_UNUSED_VARIABLE = YES;
				IPHONEOS_DEPLOYMENT_TARGET = 11.0;
				MTL_ENABLE_DEBUG_INFO = YES;
				ONLY_ACTIVE_ARCH = YES;
				SDKROOT = iphoneos;
				SWIFT_ACTIVE_COMPILATION_CONDITIONS = DEBUG;
				SWIFT_OPTIMIZATION_LEVEL = "-Onone";
			};
			name = Debug;
		};
		9DDB4C451F9DD0D800A81D22 /* Release */ = {
			isa = XCBuildConfiguration;
			buildSettings = {
				ALWAYS_SEARCH_USER_PATHS = NO;
				CLANG_ANALYZER_NONNULL = YES;
				CLANG_ANALYZER_NUMBER_OBJECT_CONVERSION = YES_AGGRESSIVE;
				CLANG_CXX_LANGUAGE_STANDARD = "gnu++14";
				CLANG_CXX_LIBRARY = "libc++";
				CLANG_ENABLE_MODULES = YES;
				CLANG_ENABLE_OBJC_ARC = YES;
				CLANG_WARN_BLOCK_CAPTURE_AUTORELEASING = YES;
				CLANG_WARN_BOOL_CONVERSION = YES;
				CLANG_WARN_COMMA = YES;
				CLANG_WARN_CONSTANT_CONVERSION = YES;
				CLANG_WARN_DIRECT_OBJC_ISA_USAGE = YES_ERROR;
				CLANG_WARN_DOCUMENTATION_COMMENTS = YES;
				CLANG_WARN_EMPTY_BODY = YES;
				CLANG_WARN_ENUM_CONVERSION = YES;
				CLANG_WARN_INFINITE_RECURSION = YES;
				CLANG_WARN_INT_CONVERSION = YES;
				CLANG_WARN_NON_LITERAL_NULL_CONVERSION = YES;
				CLANG_WARN_OBJC_LITERAL_CONVERSION = YES;
				CLANG_WARN_OBJC_ROOT_CLASS = YES_ERROR;
				CLANG_WARN_RANGE_LOOP_ANALYSIS = YES;
				CLANG_WARN_STRICT_PROTOTYPES = YES;
				CLANG_WARN_SUSPICIOUS_MOVE = YES;
				CLANG_WARN_UNGUARDED_AVAILABILITY = YES_AGGRESSIVE;
				CLANG_WARN_UNREACHABLE_CODE = YES;
				CLANG_WARN__DUPLICATE_METHOD_MATCH = YES;
				CODE_SIGN_IDENTITY = "iPhone Developer";
				COPY_PHASE_STRIP = NO;
				DEBUG_INFORMATION_FORMAT = "dwarf-with-dsym";
				ENABLE_NS_ASSERTIONS = NO;
				ENABLE_STRICT_OBJC_MSGSEND = YES;
				GCC_C_LANGUAGE_STANDARD = gnu11;
				GCC_NO_COMMON_BLOCKS = YES;
				GCC_WARN_64_TO_32_BIT_CONVERSION = YES;
				GCC_WARN_ABOUT_RETURN_TYPE = YES_ERROR;
				GCC_WARN_UNDECLARED_SELECTOR = YES;
				GCC_WARN_UNINITIALIZED_AUTOS = YES_AGGRESSIVE;
				GCC_WARN_UNUSED_FUNCTION = YES;
				GCC_WARN_UNUSED_VARIABLE = YES;
				IPHONEOS_DEPLOYMENT_TARGET = 11.0;
				MTL_ENABLE_DEBUG_INFO = NO;
				SDKROOT = iphoneos;
				SWIFT_OPTIMIZATION_LEVEL = "-Owholemodule";
				VALIDATE_PRODUCT = YES;
			};
			name = Release;
		};
		9DDB4C471F9DD0D800A81D22 /* Debug */ = {
			isa = XCBuildConfiguration;
			baseConfigurationReference = 960E240C88B3CB24B8500DE4 /* Pods-RealmCRUD.debug.xcconfig */;
			buildSettings = {
				ASSETCATALOG_COMPILER_APPICON_NAME = AppIcon;
				CODE_SIGN_STYLE = Automatic;
				DEVELOPMENT_TEAM = L5H8Z4UVXQ;
				INFOPLIST_FILE = RealmCRUD/Info.plist;
				IPHONEOS_DEPLOYMENT_TARGET = 11.0;
				LD_RUNPATH_SEARCH_PATHS = "$(inherited) @executable_path/Frameworks";
				PRODUCT_BUNDLE_IDENTIFIER = study.RealmCRUD;
				PRODUCT_NAME = "$(TARGET_NAME)";
				SWIFT_VERSION = 4.0;
				TARGETED_DEVICE_FAMILY = "1,2";
			};
			name = Debug;
		};
		9DDB4C481F9DD0D800A81D22 /* Release */ = {
			isa = XCBuildConfiguration;
			baseConfigurationReference = 878D61B4024BFFD779628B1B /* Pods-RealmCRUD.release.xcconfig */;
			buildSettings = {
				ASSETCATALOG_COMPILER_APPICON_NAME = AppIcon;
				CODE_SIGN_STYLE = Automatic;
				DEVELOPMENT_TEAM = L5H8Z4UVXQ;
				INFOPLIST_FILE = RealmCRUD/Info.plist;
				IPHONEOS_DEPLOYMENT_TARGET = 11.0;
				LD_RUNPATH_SEARCH_PATHS = "$(inherited) @executable_path/Frameworks";
				PRODUCT_BUNDLE_IDENTIFIER = study.RealmCRUD;
				PRODUCT_NAME = "$(TARGET_NAME)";
				SWIFT_VERSION = 4.0;
				TARGETED_DEVICE_FAMILY = "1,2";
			};
			name = Release;
		};
/* End XCBuildConfiguration section */

/* Begin XCConfigurationList section */
		9DDB4C2F1F9DD0D800A81D22 /* Build configuration list for PBXProject "RealmCRUD" */ = {
			isa = XCConfigurationList;
			buildConfigurations = (
				9DDB4C441F9DD0D800A81D22 /* Debug */,
				9DDB4C451F9DD0D800A81D22 /* Release */,
			);
			defaultConfigurationIsVisible = 0;
			defaultConfigurationName = Release;
		};
		9DDB4C461F9DD0D800A81D22 /* Build configuration list for PBXNativeTarget "RealmCRUD" */ = {
			isa = XCConfigurationList;
			buildConfigurations = (
				9DDB4C471F9DD0D800A81D22 /* Debug */,
				9DDB4C481F9DD0D800A81D22 /* Release */,
			);
			defaultConfigurationIsVisible = 0;
			defaultConfigurationName = Release;
		};
/* End XCConfigurationList section */
	};
	rootObject = 9DDB4C2C1F9DD0D800A81D22 /* Project object */;
}
